Microsoft Visual Studio Solution File, Format Version 12.00
# Visual Studio Version 17
VisualStudioVersion = 17.5.2.0
MinimumVisualStudioVersion = 10.0.40219.1
Project("{FAE04EC0-301F-11D3-BF4B-00C04F79EFBC}") = "Washit.Tests", "Washit.Tests\Washit.Tests.csproj", "{D0683162-4CAD-FD3C-6F77-AEF2887D965E}"
EndProject
Project("{FAE04EC0-301F-11D3-BF4B-00C04F79EFBC}") = "Washit.API", "Washit.API\Washit.API.csproj", "{9B743015-0558-4007-AFB5-89AAE3578E65}"
EndProject
Global
	GlobalSection(SolutionConfigurationPlatforms) = preSolution
		Debug|Any CPU = Debug|Any CPU
		Release|Any CPU = Release|Any CPU
	EndGlobalSection
	GlobalSection(ProjectConfigurationPlatforms) = postSolution
		{D0683162-4CAD-FD3C-6F77-AEF2887D965E}.Debug|Any CPU.ActiveCfg = Debug|Any CPU
		{D0683162-4CAD-FD3C-6F77-AEF2887D965E}.Debug|Any CPU.Build.0 = Debug|Any CPU
		{D0683162-4CAD-FD3C-6F77-AEF2887D965E}.Release|Any CPU.ActiveCfg = Release|Any CPU
		{D0683162-4CAD-FD3C-6F77-AEF2887D965E}.Release|Any CPU.Build.0 = Release|Any CPU
		{9B743015-0558-4007-AFB5-89AAE3578E65}.Debug|Any CPU.ActiveCfg = Debug|Any CPU
		{9B743015-0558-4007-AFB5-89AAE3578E65}.Debug|Any CPU.Build.0 = Debug|Any CPU
		{9B743015-0558-4007-AFB5-89AAE3578E65}.Release|Any CPU.ActiveCfg = Release|Any CPU
		{9B743015-0558-4007-AFB5-89AAE3578E65}.Release|Any CPU.Build.0 = Release|Any CPU
	EndGlobalSection
	GlobalSection(SolutionProperties) = preSolution
		HideSolutionNode = FALSE
	EndGlobalSection
	GlobalSection(ExtensibilityGlobals) = postSolution
		SolutionGuid = {59F0A67D-6211-4F7E-B052-956FD0D1DADB}
	EndGlobalSection
EndGlobal
